// !$*UTF8*$!
{
	archiveVersion = 1;
	classes = {
	};
	objectVersion = 46;
	objects = {

/* Begin PBXBuildFile section */
		2F069C841D5C9FC7005D406B /* Task.swift in Sources */ = {isa = PBXBuildFile; fileRef = 2F069C831D5C9FC7005D406B /* Task.swift */; };
		2F40C2B71D55B862002A2867 /* InputViewController.swift in Sources */ = {isa = PBXBuildFile; fileRef = 2F40C2B61D55B862002A2867 /* InputViewController.swift */; };
		2F5A3B6B1D55AE1A0092F22F /* AppDelegate.swift in Sources */ = {isa = PBXBuildFile; fileRef = 2F5A3B6A1D55AE1A0092F22F /* AppDelegate.swift */; };
		2F5A3B6D1D55AE1A0092F22F /* ViewController.swift in Sources */ = {isa = PBXBuildFile; fileRef = 2F5A3B6C1D55AE1A0092F22F /* ViewController.swift */; };
		2F5A3B701D55AE1A0092F22F /* Main.storyboard in Resources */ = {isa = PBXBuildFile; fileRef = 2F5A3B6E1D55AE1A0092F22F /* Main.storyboard */; };
		2F5A3B721D55AE1A0092F22F /* Assets.xcassets in Resources */ = {isa = PBXBuildFile; fileRef = 2F5A3B711D55AE1A0092F22F /* Assets.xcassets */; };
		2F5A3B751D55AE1A0092F22F /* LaunchScreen.storyboard in Resources */ = {isa = PBXBuildFile; fileRef = 2F5A3B731D55AE1A0092F22F /* LaunchScreen.storyboard */; };
		8D271DA556FBD83139E7F8D3 /* Pods_taskapp.framework in Frameworks */ = {isa = PBXBuildFile; fileRef = 3E086F1792A4EAEE857A4F86 /* Pods_taskapp.framework */; };
/* End PBXBuildFile section */

/* Begin PBXFileReference section */
		2F069C831D5C9FC7005D406B /* Task.swift */ = {isa = PBXFileReference; fileEncoding = 4; lastKnownFileType = sourcecode.swift; path = Task.swift; sourceTree = "<group>"; };
		2F40C2B61D55B862002A2867 /* InputViewController.swift */ = {isa = PBXFileReference; fileEncoding = 4; lastKnownFileType = sourcecode.swift; path = InputViewController.swift; sourceTree = "<group>"; };
		2F5A3B671D55AE1A0092F22F /* taskapp.app */ = {isa = PBXFileReference; explicitFileType = wrapper.application; includeInIndex = 0; path = taskapp.app; sourceTree = BUILT_PRODUCTS_DIR; };
		2F5A3B6A1D55AE1A0092F22F /* AppDelegate.swift */ = {isa = PBXFileReference; lastKnownFileType = sourcecode.swift; path = AppDelegate.swift; sourceTree = "<group>"; };
		2F5A3B6C1D55AE1A0092F22F /* ViewController.swift */ = {isa = PBXFileReference; lastKnownFileType = sourcecode.swift; path = ViewController.swift; sourceTree = "<group>"; };
		2F5A3B6F1D55AE1A0092F22F /* Base */ = {isa = PBXFileReference; lastKnownFileType = file.storyboard; name = Base; path = Base.lproj/Main.storyboard; sourceTree = "<group>"; };
		2F5A3B711D55AE1A0092F22F /* Assets.xcassets */ = {isa = PBXFileReference; lastKnownFileType = folder.assetcatalog; path = Assets.xcassets; sourceTree = "<group>"; };
		2F5A3B741D55AE1A0092F22F /* Base */ = {isa = PBXFileReference; lastKnownFileType = file.storyboard; name = Base; path = Base.lproj/LaunchScreen.storyboard; sourceTree = "<group>"; };
		2F5A3B761D55AE1A0092F22F /* Info.plist */ = {isa = PBXFileReference; lastKnownFileType = text.plist.xml; path = Info.plist; sourceTree = "<group>"; };
		3E086F1792A4EAEE857A4F86 /* Pods_taskapp.framework */ = {isa = PBXFileReference; explicitFileType = wrapper.framework; includeInIndex = 0; path = Pods_taskapp.framework; sourceTree = BUILT_PRODUCTS_DIR; };
		A86B6B9878F3F83010D7CBA7 /* Pods-taskapp.release.xcconfig */ = {isa = PBXFileReference; includeInIndex = 1; lastKnownFileType = text.xcconfig; name = "Pods-taskapp.release.xcconfig"; path = "Pods/Target Support Files/Pods-taskapp/Pods-taskapp.release.xcconfig"; sourceTree = "<group>"; };
		C75D02165A2112B07BF1841A /* Pods-taskapp.debug.xcconfig */ = {isa = PBXFileReference; includeInIndex = 1; lastKnownFileType = text.xcconfig; name = "Pods-taskapp.debug.xcconfig"; path = "Pods/Target Support Files/Pods-taskapp/Pods-taskapp.debug.xcconfig"; sourceTree = "<group>"; };
/* End PBXFileReference section */

/* Begin PBXFrameworksBuildPhase section */
		2F5A3B641D55AE1A0092F22F /* Frameworks */ = {
			isa = PBXFrameworksBuildPhase;
			buildActionMask = 2147483647;
			files = (
				8D271DA556FBD83139E7F8D3 /* Pods_taskapp.framework in Frameworks */,
			);
			runOnlyForDeploymentPostprocessing = 0;
		};
/* End PBXFrameworksBuildPhase section */

/* Begin PBXGroup section */
		1EECB8D26A4A037E166C52F1 /* Pods */ = {
			isa = PBXGroup;
			children = (
				C75D02165A2112B07BF1841A /* Pods-taskapp.debug.xcconfig */,
				A86B6B9878F3F83010D7CBA7 /* Pods-taskapp.release.xcconfig */,
			);
			name = Pods;
			sourceTree = "<group>";
		};
		2F5A3B5E1D55AE1A0092F22F = {
			isa = PBXGroup;
			children = (
				2F5A3B691D55AE1A0092F22F /* taskapp */,
				2F5A3B681D55AE1A0092F22F /* Products */,
				1EECB8D26A4A037E166C52F1 /* Pods */,
				90FB5A14C30F46948E22FB68 /* Frameworks */,
			);
			sourceTree = "<group>";
		};
		2F5A3B681D55AE1A0092F22F /* Products */ = {
			isa = PBXGroup;
			children = (
				2F5A3B671D55AE1A0092F22F /* taskapp.app */,
			);
			name = Products;
			sourceTree = "<group>";
		};
		2F5A3B691D55AE1A0092F22F /* taskapp */ = {
			isa = PBXGroup;
			children = (
				2F5A3B6A1D55AE1A0092F22F /* AppDelegate.swift */,
				2F5A3B6C1D55AE1A0092F22F /* ViewController.swift */,
				2F40C2B61D55B862002A2867 /* InputViewController.swift */,
				2F069C831D5C9FC7005D406B /* Task.swift */,
				2F5A3B6E1D55AE1A0092F22F /* Main.storyboard */,
				2F5A3B711D55AE1A0092F22F /* Assets.xcassets */,
				2F5A3B731D55AE1A0092F22F /* LaunchScreen.storyboard */,
				2F5A3B761D55AE1A0092F22F /* Info.plist */,
			);
			path = taskapp;
			sourceTree = "<group>";
		};
		90FB5A14C30F46948E22FB68 /* Frameworks */ = {
			isa = PBXGroup;
			children = (
				3E086F1792A4EAEE857A4F86 /* Pods_taskapp.framework */,
			);
			name = Frameworks;
			sourceTree = "<group>";
		};
/* End PBXGroup section */

/* Begin PBXNativeTarget section */
		2F5A3B661D55AE1A0092F22F /* taskapp */ = {
			isa = PBXNativeTarget;
			buildConfigurationList = 2F5A3B791D55AE1A0092F22F /* Build configuration list for PBXNativeTarget "taskapp" */;
			buildPhases = (
				511E89D97F30E2132DFB0E28 /* [CP] Check Pods Manifest.lock */,
				2F5A3B631D55AE1A0092F22F /* Sources */,
				2F5A3B641D55AE1A0092F22F /* Frameworks */,
				2F5A3B651D55AE1A0092F22F /* Resources */,
				452467FEEC706CC848516BF5 /* [CP] Embed Pods Frameworks */,
				F7E3CFACEBBEAA4E6A31208D /* [CP] Copy Pods Resources */,
			);
			buildRules = (
			);
			dependencies = (
			);
			name = taskapp;
			productName = taskapp;
			productReference = 2F5A3B671D55AE1A0092F22F /* taskapp.app */;
			productType = "com.apple.product-type.application";
		};
/* End PBXNativeTarget section */

/* Begin PBXProject section */
		2F5A3B5F1D55AE1A0092F22F /* Project object */ = {
			isa = PBXProject;
			attributes = {
				LastSwiftUpdateCheck = 0730;
				LastUpgradeCheck = 0730;
				ORGANIZATIONNAME = masahiro.kitamura;
				TargetAttributes = {
					2F5A3B661D55AE1A0092F22F = {
						CreatedOnToolsVersion = 7.3.1;
					};
				};
			};
			buildConfigurationList = 2F5A3B621D55AE1A0092F22F /* Build configuration list for PBXProject "taskapp" */;
			compatibilityVersion = "Xcode 3.2";
			developmentRegion = English;
			hasScannedForEncodings = 0;
			knownRegions = (
				en,
				Base,
			);
			mainGroup = 2F5A3B5E1D55AE1A0092F22F;
			productRefGroup = 2F5A3B681D55AE1A0092F22F /* Products */;
			projectDirPath = "";
			projectRoot = "";
			targets = (
				2F5A3B661D55AE1A0092F22F /* taskapp */,
			);
		};
/* End PBXProject section */

/* Begin PBXResourcesBuildPhase section */
		2F5A3B651D55AE1A0092F22F /* Resources */ = {
			isa = PBXResourcesBuildPhase;
			buildActionMask = 2147483647;
			files = (
				2F5A3B751D55AE1A0092F22F /* LaunchScreen.storyboard in Resources */,
				2F5A3B721D55AE1A0092F22F /* Assets.xcassets in Resources */,
				2F5A3B701D55AE1A0092F22F /* Main.storyboard in Resources */,
			);
			runOnlyForDeploymentPostprocessing = 0;
		};
/* End PBXResourcesBuildPhase section */

/* Begin PBXShellScriptBuildPhase section */
		452467FEEC706CC848516BF5 /* [CP] Embed Pods Frameworks */ = {
			isa = PBXShellScriptBuildPhase;
			buildActionMask = 2147483647;
			files = (
			);
			inputPaths = (
			);
			name = "[CP] Embed Pods Frameworks";
			outputPaths = (
			);
			runOnlyForDeploymentPostprocessing = 0;
			shellPath = /bin/sh;
			shellScript = "\"${SRCROOT}/Pods/Target Support Files/Pods-taskapp/Pods-taskapp-frameworks.sh\"\n";
			showEnvVarsInLog = 0;
		};
		511E89D97F30E2132DFB0E28 /* [CP] Check Pods Manifest.lock */ = {
			isa = PBXShellScriptBuildPhase;
			buildActionMask = 2147483647;
			files = (
			);
			inputPaths = (
			);
			name = "[CP] Check Pods Manifest.lock";
			outputPaths = (
			);
			runOnlyForDeploymentPostprocessing = 0;
			shellPath = /bin/sh;
			shellScript = "diff \"${PODS_ROOT}/../Podfile.lock\" \"${PODS_ROOT}/Manifest.lock\" > /dev/null\nif [[ $? != 0 ]] ; then\n    cat << EOM\nerror: The sandbox is not in sync with the Podfile.lock. Run 'pod install' or update your CocoaPods installation.\nEOM\n    exit 1\nfi\n";
			showEnvVarsInLog = 0;
		};
		F7E3CFACEBBEAA4E6A31208D /* [CP] Copy Pods Resources */ = {
			isa = PBXShellScriptBuildPhase;
			buildActionMask = 2147483647;
			files = (
			);
			inputPaths = (
			);
			name = "[CP] Copy Pods Resources";
			outputPaths = (
			);
			runOnlyForDeploymentPostprocessing = 0;
			shellPath = /bin/sh;
			shellScript = "\"${SRCROOT}/Pods/Target Support Files/Pods-taskapp/Pods-taskapp-resources.sh\"\n";
			showEnvVarsInLog = 0;
		};
/* End PBXShellScriptBuildPhase section */

/* Begin PBXSourcesBuildPhase section */
		2F5A3B631D55AE1A0092F22F /* Sources */ = {
			isa = PBXSourcesBuildPhase;
			buildActionMask = 2147483647;
			files = (
				2F40C2B71D55B862002A2867 /* InputViewController.swift in Sources */,
				2F069C841D5C9FC7005D406B /* Task.swift in Sources */,
				2F5A3B6D1D55AE1A0092F22F /* ViewController.swift in Sources */,
				2F5A3B6B1D55AE1A0092F22F /* AppDelegate.swift in Sources */,
			);
			runOnlyForDeploymentPostprocessing = 0;
		};
/* End PBXSourcesBuildPhase section */

/* Begin PBXVariantGroup section */
		2F5A3B6E1D55AE1A0092F22F /* Main.storyboard */ = {
			isa = PBXVariantGroup;
			children = (
				2F5A3B6F1D55AE1A0092F22F /* Base */,
			);
			name = Main.storyboard;
			sourceTree = "<group>";
		};
		2F5A3B731D55AE1A0092F22F /* LaunchScreen.storyboard */ = {
			isa = PBXVariantGroup;
			children = (
				2F5A3B741D55AE1A0092F22F /* Base */,
			);
			name = LaunchScreen.storyboard;
			sourceTree = "<group>";
		};
/* End PBXVariantGroup section */

/* Begin XCBuildConfiguration section */
		2F5A3B771D55AE1A0092F22F /* Debug */ = {
			isa = XCBuildConfiguration;
			buildSettings = {
				ALWAYS_SEARCH_USER_PATHS = NO;
				CLANG_ANALYZER_NONNULL = YES;
				CLANG_CXX_LANGUAGE_STANDARD = "gnu++0x";
				CLANG_CXX_LIBRARY = "libc++";
				CLANG_ENABLE_MODULES = YES;
				CLANG_ENABLE_OBJC_ARC = YES;
				CLANG_WARN_BOOL_CONVERSION = YES;
				CLANG_WARN_CONSTANT_CONVERSION = YES;
				CLANG_WARN_DIRECT_OBJC_ISA_USAGE = YES_ERROR;
				CLANG_WARN_EMPTY_BODY = YES;
				CLANG_WARN_ENUM_CONVERSION = YES;
				CLANG_WARN_INT_CONVERSION = YES;
				CLANG_WARN_OBJC_ROOT_CLASS = YES_ERROR;
				CLANG_WARN_UNREACHABLE_CODE = YES;
				CLANG_WARN__DUPLICATE_METHOD_MATCH = YES;
				"CODE_SIGN_IDENTITY[sdk=iphoneos*]" = "iPhone Developer";
				COPY_PHASE_STRIP = NO;
				DEBUG_INFORMATION_FORMAT = dwarf;
				ENABLE_STRICT_OBJC_MSGSEND = YES;
				ENABLE_TESTABILITY = YES;
				GCC_C_LANGUAGE_STANDARD = gnu99;
				GCC_DYNAMIC_NO_PIC = NO;
				GCC_NO_COMMON_BLOCKS = YES;
				GCC_OPTIMIZATION_LEVEL = 0;
				GCC_PREPROCESSOR_DEFINITIONS = (
					"DEBUG=1",
					"$(inherited)",
				);
				GCC_WARN_64_TO_32_BIT_CONVERSION = YES;
				GCC_WARN_ABOUT_RETURN_TYPE = YES_ERROR;
				GCC_WARN_UNDECLARED_SELECTOR = YES;
				GCC_WARN_UNINITIALIZED_AUTOS = YES_AGGRESSIVE;
				GCC_WARN_UNUSED_FUNCTION = YES;
				GCC_WARN_UNUSED_VARIABLE = YES;
				IPHONEOS_DEPLOYMENT_TARGET = 9.3;
				MTL_ENABLE_DEBUG_INFO = YES;
				ONLY_ACTIVE_ARCH = YES;
				SDKROOT = iphoneos;
				SWIFT_OPTIMIZATION_LEVEL = "-Onone";
			};
			name = Debug;
		};
		2F5A3B781D55AE1A0092F22F /* Release */ = {
			isa = XCBuildConfiguration;
			buildSettings = {
				ALWAYS_SEARCH_USER_PATHS = NO;
				CLANG_ANALYZER_NONNULL = YES;
				CLANG_CXX_LANGUAGE_STANDARD = "gnu++0x";
				CLANG_CXX_LIBRARY = "libc++";
				CLANG_ENABLE_MODULES = YES;
				CLANG_ENABLE_OBJC_ARC = YES;
				CLANG_WARN_BOOL_CONVERSION = YES;
				CLANG_WARN_CONSTANT_CONVERSION = YES;
				CLANG_WARN_DIRECT_OBJC_ISA_USAGE = YES_ERROR;
				CLANG_WARN_EMPTY_BODY = YES;
				CLANG_WARN_ENUM_CONVERSION = YES;
				CLANG_WARN_INT_CONVERSION = YES;
				CLANG_WARN_OBJC_ROOT_CLASS = YES_ERROR;
				CLANG_WARN_UNREACHABLE_CODE = YES;
				CLANG_WARN__DUPLICATE_METHOD_MATCH = YES;
				"CODE_SIGN_IDENTITY[sdk=iphoneos*]" = "iPhone Developer";
				COPY_PHASE_STRIP = NO;
				DEBUG_INFORMATION_FORMAT = "dwarf-with-dsym";
				ENABLE_NS_ASSERTIONS = NO;
				ENABLE_STRICT_OBJC_MSGSEND = YES;
				GCC_C_LANGUAGE_STANDARD = gnu99;
				GCC_NO_COMMON_BLOCKS = YES;
				GCC_WARN_64_TO_32_BIT_CONVERSION = YES;
				GCC_WARN_ABOUT_RETURN_TYPE = YES_ERROR;
				GCC_WARN_UNDECLARED_SELECTOR = YES;
				GCC_WARN_UNINITIALIZED_AUTOS = YES_AGGRESSIVE;
				GCC_WARN_UNUSED_FUNCTION = YES;
				GCC_WARN_UNUSED_VARIABLE = YES;
				IPHONEOS_DEPLOYMENT_TARGET = 9.3;
				MTL_ENABLE_DEBUG_INFO = NO;
				SDKROOT = iphoneos;
				VALIDATE_PRODUCT = YES;
			};
			name = Release;
		};
		2F5A3B7A1D55AE1A0092F22F /* Debug */ = {
			isa = XCBuildConfiguration;
			baseConfigurationReference = C75D02165A2112B07BF1841A /* Pods-taskapp.debug.xcconfig */;
			buildSettings = {
				ASSETCATALOG_COMPILER_APPICON_NAME = AppIcon;
				INFOPLIST_FILE = taskapp/Info.plist;
				LD_RUNPATH_SEARCH_PATHS = "$(inherited) @executable_path/Frameworks";
				PRODUCT_BUNDLE_IDENTIFIER = jp.techacademy.masahiro.kitamura.taskapp;
				PRODUCT_NAME = "$(TARGET_NAME)";
			};
			name = Debug;
		};
		2F5A3B7B1D55AE1A0092F22F /* Release */ = {
			isa = XCBuildConfiguration;
			baseConfigurationReference = A86B6B9878F3F83010D7CBA7 /* Pods-taskapp.release.xcconfig */;
			buildSettings = {
				ASSETCATALOG_COMPILER_APPICON_NAME = AppIcon;
				INFOPLIST_FILE = taskapp/Info.plist;
				LD_RUNPATH_SEARCH_PATHS = "$(inherited) @executable_path/Frameworks";
				PRODUCT_BUNDLE_IDENTIFIER = jp.techacademy.masahiro.kitamura.taskapp;
				PRODUCT_NAME = "$(TARGET_NAME)";
			};
			name = Release;
		};
/* End XCBuildConfiguration section */

/* Begin XCConfigurationList section */
		2F5A3B621D55AE1A0092F22F /* Build configuration list for PBXProject "taskapp" */ = {
			isa = XCConfigurationList;
			buildConfigurations = (
				2F5A3B771D55AE1A0092F22F /* Debug */,
				2F5A3B781D55AE1A0092F22F /* Release */,
			);
			defaultConfigurationIsVisible = 0;
			defaultConfigurationName = Release;
		};
		2F5A3B791D55AE1A0092F22F /* Build configuration list for PBXNativeTarget "taskapp" */ = {
			isa = XCConfigurationList;
			buildConfigurations = (
				2F5A3B7A1D55AE1A0092F22F /* Debug */,
				2F5A3B7B1D55AE1A0092F22F /* Release */,
			);
			defaultConfigurationIsVisible = 0;
			defaultConfigurationName = Release;
		};
/* End XCConfigurationList section */
	};
	rootObject = 2F5A3B5F1D55AE1A0092F22F /* Project object */;
}
